// !$*UTF8*$!
{
	archiveVersion = 1;
	classes = {
	};
	objectVersion = 55;
	objects = {

/* Begin PBXBuildFile section */
		98B5ABF1298BBA29007DB932 /* AppDelegate.swift in Sources */ = {isa = PBXBuildFile; fileRef = 98B5ABF0298BBA29007DB932 /* AppDelegate.swift */; };
		98B5ABF3298BBA29007DB932 /* SceneDelegate.swift in Sources */ = {isa = PBXBuildFile; fileRef = 98B5ABF2298BBA29007DB932 /* SceneDelegate.swift */; };
		98B5ABF5298BBA2A007DB932 /* ViewController.swift in Sources */ = {isa = PBXBuildFile; fileRef = 98B5ABF4298BBA29007DB932 /* ViewController.swift */; };
		98B5ABF8298BBA2A007DB932 /* Main.storyboard in Resources */ = {isa = PBXBuildFile; fileRef = 98B5ABF6298BBA2A007DB932 /* Main.storyboard */; };
		98B5ABFA298BBA2C007DB932 /* Assets.xcassets in Resources */ = {isa = PBXBuildFile; fileRef = 98B5ABF9298BBA2C007DB932 /* Assets.xcassets */; };
		98B5ABFD298BBA2C007DB932 /* LaunchScreen.storyboard in Resources */ = {isa = PBXBuildFile; fileRef = 98B5ABFB298BBA2C007DB932 /* LaunchScreen.storyboard */; };
		98B5AC05298BBB00007DB932 /* Friend.swift in Sources */ = {isa = PBXBuildFile; fileRef = 98B5AC04298BBB00007DB932 /* Friend.swift */; };
/* End PBXBuildFile section */

/* Begin PBXFileReference section */
		98B5ABED298BBA29007DB932 /* MyFreinds.app */ = {isa = PBXFileReference; explicitFileType = wrapper.application; includeInIndex = 0; path = MyFreinds.app; sourceTree = BUILT_PRODUCTS_DIR; };
		98B5ABF0298BBA29007DB932 /* AppDelegate.swift */ = {isa = PBXFileReference; lastKnownFileType = sourcecode.swift; path = AppDelegate.swift; sourceTree = "<group>"; };
		98B5ABF2298BBA29007DB932 /* SceneDelegate.swift */ = {isa = PBXFileReference; lastKnownFileType = sourcecode.swift; path = SceneDelegate.swift; sourceTree = "<group>"; };
		98B5ABF4298BBA29007DB932 /* ViewController.swift */ = {isa = PBXFileReference; lastKnownFileType = sourcecode.swift; path = ViewController.swift; sourceTree = "<group>"; };
		98B5ABF7298BBA2A007DB932 /* Base */ = {isa = PBXFileReference; lastKnownFileType = file.storyboard; name = Base; path = Base.lproj/Main.storyboard; sourceTree = "<group>"; };
		98B5ABF9298BBA2C007DB932 /* Assets.xcassets */ = {isa = PBXFileReference; lastKnownFileType = folder.assetcatalog; path = Assets.xcassets; sourceTree = "<group>"; };
		98B5ABFC298BBA2C007DB932 /* Base */ = {isa = PBXFileReference; lastKnownFileType = file.storyboard; name = Base; path = Base.lproj/LaunchScreen.storyboard; sourceTree = "<group>"; };
		98B5ABFE298BBA2C007DB932 /* Info.plist */ = {isa = PBXFileReference; lastKnownFileType = text.plist.xml; path = Info.plist; sourceTree = "<group>"; };
		98B5AC04298BBB00007DB932 /* Friend.swift */ = {isa = PBXFileReference; lastKnownFileType = sourcecode.swift; path = Friend.swift; sourceTree = "<group>"; };
/* End PBXFileReference section */

/* Begin PBXFrameworksBuildPhase section */
		98B5ABEA298BBA29007DB932 /* Frameworks */ = {
			isa = PBXFrameworksBuildPhase;
			buildActionMask = 2147483647;
			files = (
			);
			runOnlyForDeploymentPostprocessing = 0;
		};
/* End PBXFrameworksBuildPhase section */

/* Begin PBXGroup section */
		98B5ABE4298BBA29007DB932 = {
			isa = PBXGroup;
			children = (
				98B5ABEF298BBA29007DB932 /* MyFreinds */,
				98B5ABEE298BBA29007DB932 /* Products */,
			);
			sourceTree = "<group>";
		};
		98B5ABEE298BBA29007DB932 /* Products */ = {
			isa = PBXGroup;
			children = (
				98B5ABED298BBA29007DB932 /* MyFreinds.app */,
			);
			name = Products;
			sourceTree = "<group>";
		};
		98B5ABEF298BBA29007DB932 /* MyFreinds */ = {
			isa = PBXGroup;
			children = (
				98B5AC04298BBB00007DB932 /* Friend.swift */,
				98B5ABF0298BBA29007DB932 /* AppDelegate.swift */,
				98B5ABF2298BBA29007DB932 /* SceneDelegate.swift */,
				98B5ABF4298BBA29007DB932 /* ViewController.swift */,
				98B5ABF6298BBA2A007DB932 /* Main.storyboard */,
				98B5ABF9298BBA2C007DB932 /* Assets.xcassets */,
				98B5ABFB298BBA2C007DB932 /* LaunchScreen.storyboard */,
				98B5ABFE298BBA2C007DB932 /* Info.plist */,
			);
			path = MyFreinds;
			sourceTree = "<group>";
		};
/* End PBXGroup section */

/* Begin PBXNativeTarget section */
		98B5ABEC298BBA29007DB932 /* MyFreinds */ = {
			isa = PBXNativeTarget;
			buildConfigurationList = 98B5AC01298BBA2C007DB932 /* Build configuration list for PBXNativeTarget "MyFreinds" */;
			buildPhases = (
				98B5ABE9298BBA29007DB932 /* Sources */,
				98B5ABEA298BBA29007DB932 /* Frameworks */,
				98B5ABEB298BBA29007DB932 /* Resources */,
			);
			buildRules = (
			);
			dependencies = (
			);
			name = MyFreinds;
			productName = MyFreinds;
			productReference = 98B5ABED298BBA29007DB932 /* MyFreinds.app */;
			productType = "com.apple.product-type.application";
		};
/* End PBXNativeTarget section */

/* Begin PBXProject section */
		98B5ABE5298BBA29007DB932 /* Project object */ = {
			isa = PBXProject;
			attributes = {
				BuildIndependentTargetsInParallel = 1;
				LastSwiftUpdateCheck = 1340;
				LastUpgradeCheck = 1340;
				TargetAttributes = {
					98B5ABEC298BBA29007DB932 = {
						CreatedOnToolsVersion = 13.4.1;
					};
				};
			};
			buildConfigurationList = 98B5ABE8298BBA29007DB932 /* Build configuration list for PBXProject "MyFreinds" */;
			compatibilityVersion = "Xcode 13.0";
			developmentRegion = en;
			hasScannedForEncodings = 0;
			knownRegions = (
				en,
				Base,
			);
			mainGroup = 98B5ABE4298BBA29007DB932;
			productRefGroup = 98B5ABEE298BBA29007DB932 /* Products */;
			projectDirPath = "";
			projectRoot = "";
			targets = (
				98B5ABEC298BBA29007DB932 /* MyFreinds */,
			);
		};
/* End PBXProject section */

/* Begin PBXResourcesBuildPhase section */
		98B5ABEB298BBA29007DB932 /* Resources */ = {
			isa = PBXResourcesBuildPhase;
			buildActionMask = 2147483647;
			files = (
				98B5ABFD298BBA2C007DB932 /* LaunchScreen.storyboard in Resources */,
				98B5ABFA298BBA2C007DB932 /* Assets.xcassets in Resources */,
				98B5ABF8298BBA2A007DB932 /* Main.storyboard in Resources */,
			);
			runOnlyForDeploymentPostprocessing = 0;
		};
/* End PBXResourcesBuildPhase section */

/* Begin PBXSourcesBuildPhase section */
		98B5ABE9298BBA29007DB932 /* Sources */ = {
			isa = PBXSourcesBuildPhase;
			buildActionMask = 2147483647;
			files = (
				98B5ABF5298BBA2A007DB932 /* ViewController.swift in Sources */,
				98B5ABF1298BBA29007DB932 /* AppDelegate.swift in Sources */,
				98B5ABF3298BBA29007DB932 /* SceneDelegate.swift in Sources */,
				98B5AC05298BBB00007DB932 /* Friend.swift in Sources */,
			);
			runOnlyForDeploymentPostprocessing = 0;
		};
/* End PBXSourcesBuildPhase section */

/* Begin PBXVariantGroup section */
		98B5ABF6298BBA2A007DB932 /* Main.storyboard */ = {
			isa = PBXVariantGroup;
			children = (
				98B5ABF7298BBA2A007DB932 /* Base */,
			);
			name = Main.storyboard;
			sourceTree = "<group>";
		};
		98B5ABFB298BBA2C007DB932 /* LaunchScreen.storyboard */ = {
			isa = PBXVariantGroup;
			children = (
				98B5ABFC298BBA2C007DB932 /* Base */,
			);
			name = LaunchScreen.storyboard;
			sourceTree = "<group>";
		};
/* End PBXVariantGroup section */

/* Begin XCBuildConfiguration section */
		98B5ABFF298BBA2C007DB932 /* Debug */ = {
			isa = XCBuildConfiguration;
			buildSettings = {
				ALWAYS_SEARCH_USER_PATHS = NO;
				CLANG_ANALYZER_NONNULL = YES;
				CLANG_ANALYZER_NUMBER_OBJECT_CONVERSION = YES_AGGRESSIVE;
				CLANG_CXX_LANGUAGE_STANDARD = "gnu++17";
				CLANG_ENABLE_MODULES = YES;
				CLANG_ENABLE_OBJC_ARC = YES;
				CLANG_ENABLE_OBJC_WEAK = YES;
				CLANG_WARN_BLOCK_CAPTURE_AUTORELEASING = YES;
				CLANG_WARN_BOOL_CONVERSION = YES;
				CLANG_WARN_COMMA = YES;
				CLANG_WARN_CONSTANT_CONVERSION = YES;
				CLANG_WARN_DEPRECATED_OBJC_IMPLEMENTATIONS = YES;
				CLANG_WARN_DIRECT_OBJC_ISA_USAGE = YES_ERROR;
				CLANG_WARN_DOCUMENTATION_COMMENTS = YES;
				CLANG_WARN_EMPTY_BODY = YES;
				CLANG_WARN_ENUM_CONVERSION = YES;
				CLANG_WARN_INFINITE_RECURSION = YES;
				CLANG_WARN_INT_CONVERSION = YES;
				CLANG_WARN_NON_LITERAL_NULL_CONVERSION = YES;
				CLANG_WARN_OBJC_IMPLICIT_RETAIN_SELF = YES;
				CLANG_WARN_OBJC_LITERAL_CONVERSION = YES;
				CLANG_WARN_OBJC_ROOT_CLASS = YES_ERROR;
				CLANG_WARN_QUOTED_INCLUDE_IN_FRAMEWORK_HEADER = YES;
				CLANG_WARN_RANGE_LOOP_ANALYSIS = YES;
				CLANG_WARN_STRICT_PROTOTYPES = YES;
				CLANG_WARN_SUSPICIOUS_MOVE = YES;
				CLANG_WARN_UNGUARDED_AVAILABILITY = YES_AGGRESSIVE;
				CLANG_WARN_UNREACHABLE_CODE = YES;
				CLANG_WARN__DUPLICATE_METHOD_MATCH = YES;
				COPY_PHASE_STRIP = NO;
				DEBUG_INFORMATION_FORMAT = dwarf;
				ENABLE_STRICT_OBJC_MSGSEND = YES;
				ENABLE_TESTABILITY = YES;
				GCC_C_LANGUAGE_STANDARD = gnu11;
				GCC_DYNAMIC_NO_PIC = NO;
				GCC_NO_COMMON_BLOCKS = YES;
				GCC_OPTIMIZATION_LEVEL = 0;
				GCC_PREPROCESSOR_DEFINITIONS = (
					"DEBUG=1",
					"$(inherited)",
				);
				GCC_WARN_64_TO_32_BIT_CONVERSION = YES;
				GCC_WARN_ABOUT_RETURN_TYPE = YES_ERROR;
				GCC_WARN_UNDECLARED_SELECTOR = YES;
				GCC_WARN_UNINITIALIZED_AUTOS = YES_AGGRESSIVE;
				GCC_WARN_UNUSED_FUNCTION = YES;
				GCC_WARN_UNUSED_VARIABLE = YES;
				IPHONEOS_DEPLOYMENT_TARGET = 15.5;
				MTL_ENABLE_DEBUG_INFO = INCLUDE_SOURCE;
				MTL_FAST_MATH = YES;
				ONLY_ACTIVE_ARCH = YES;
				SDKROOT = iphoneos;
				SWIFT_ACTIVE_COMPILATION_CONDITIONS = DEBUG;
				SWIFT_OPTIMIZATION_LEVEL = "-Onone";
			};
			name = Debug;
		};
		98B5AC00298BBA2C007DB932 /* Release */ = {
			isa = XCBuildConfiguration;
			buildSettings = {
				ALWAYS_SEARCH_USER_PATHS = NO;
				CLANG_ANALYZER_NONNULL = YES;
				CLANG_ANALYZER_NUMBER_OBJECT_CONVERSION = YES_AGGRESSIVE;
				CLANG_CXX_LANGUAGE_STANDARD = "gnu++17";
				CLANG_ENABLE_MODULES = YES;
				CLANG_ENABLE_OBJC_ARC = YES;
				CLANG_ENABLE_OBJC_WEAK = YES;
				CLANG_WARN_BLOCK_CAPTURE_AUTORELEASING = YES;
				CLANG_WARN_BOOL_CONVERSION = YES;
				CLANG_WARN_COMMA = YES;
				CLANG_WARN_CONSTANT_CONVERSION = YES;
				CLANG_WARN_DEPRECATED_OBJC_IMPLEMENTATIONS = YES;
				CLANG_WARN_DIRECT_OBJC_ISA_USAGE = YES_ERROR;
				CLANG_WARN_DOCUMENTATION_COMMENTS = YES;
				CLANG_WARN_EMPTY_BODY = YES;
				CLANG_WARN_ENUM_CONVERSION = YES;
				CLANG_WARN_INFINITE_RECURSION = YES;
				CLANG_WARN_INT_CONVERSION = YES;
				CLANG_WARN_NON_LITERAL_NULL_CONVERSION = YES;
				CLANG_WARN_OBJC_IMPLICIT_RETAIN_SELF = YES;
				CLANG_WARN_OBJC_LITERAL_CONVERSION = YES;
				CLANG_WARN_OBJC_ROOT_CLASS = YES_ERROR;
				CLANG_WARN_QUOTED_INCLUDE_IN_FRAMEWORK_HEADER = YES;
				CLANG_WARN_RANGE_LOOP_ANALYSIS = YES;
				CLANG_WARN_STRICT_PROTOTYPES = YES;
				CLANG_WARN_SUSPICIOUS_MOVE = YES;
				CLANG_WARN_UNGUARDED_AVAILABILITY = YES_AGGRESSIVE;
				CLANG_WARN_UNREACHABLE_CODE = YES;
				CLANG_WARN__DUPLICATE_METHOD_MATCH = YES;
				COPY_PHASE_STRIP = NO;
				DEBUG_INFORMATION_FORMAT = "dwarf-with-dsym";
				ENABLE_NS_ASSERTIONS = NO;
				ENABLE_STRICT_OBJC_MSGSEND = YES;
				GCC_C_LANGUAGE_STANDARD = gnu11;
				GCC_NO_COMMON_BLOCKS = YES;
				GCC_WARN_64_TO_32_BIT_CONVERSION = YES;
				GCC_WARN_ABOUT_RETURN_TYPE = YES_ERROR;
				GCC_WARN_UNDECLARED_SELECTOR = YES;
				GCC_WARN_UNINITIALIZED_AUTOS = YES_AGGRESSIVE;
				GCC_WARN_UNUSED_FUNCTION = YES;
				GCC_WARN_UNUSED_VARIABLE = YES;
				IPHONEOS_DEPLOYMENT_TARGET = 15.5;
				MTL_ENABLE_DEBUG_INFO = NO;
				MTL_FAST_MATH = YES;
				SDKROOT = iphoneos;
				SWIFT_COMPILATION_MODE = wholemodule;
				SWIFT_OPTIMIZATION_LEVEL = "-O";
				VALIDATE_PRODUCT = YES;
			};
			name = Release;
		};
		98B5AC02298BBA2C007DB932 /* Debug */ = {
			isa = XCBuildConfiguration;
			buildSettings = {
				ASSETCATALOG_COMPILER_APPICON_NAME = AppIcon;
				ASSETCATALOG_COMPILER_GLOBAL_ACCENT_COLOR_NAME = AccentColor;
				CODE_SIGN_STYLE = Automatic;
				CURRENT_PROJECT_VERSION = 1;
				DEVELOPMENT_TEAM = P4WKZ5WX24;
				GENERATE_INFOPLIST_FILE = YES;
				INFOPLIST_FILE = MyFreinds/Info.plist;
				INFOPLIST_KEY_UIApplicationSupportsIndirectInputEvents = YES;
				INFOPLIST_KEY_UILaunchStoryboardName = LaunchScreen;
				INFOPLIST_KEY_UIMainStoryboardFile = Main;
				INFOPLIST_KEY_UISupportedInterfaceOrientations_iPad = "UIInterfaceOrientationPortrait UIInterfaceOrientationPortraitUpsideDown UIInterfaceOrientationLandscapeLeft UIInterfaceOrientationLandscapeRight";
				INFOPLIST_KEY_UISupportedInterfaceOrientations_iPhone = "UIInterfaceOrientationPortrait UIInterfaceOrientationLandscapeLeft UIInterfaceOrientationLandscapeRight";
				LD_RUNPATH_SEARCH_PATHS = (
					"$(inherited)",
					"@executable_path/Frameworks",
				);
				MARKETING_VERSION = 1.0;
				PRODUCT_BUNDLE_IDENTIFIER = DDIONG.MyFreinds;
				PRODUCT_NAME = "$(TARGET_NAME)";
				SWIFT_EMIT_LOC_STRINGS = YES;
				SWIFT_VERSION = 5.0;
				TARGETED_DEVICE_FAMILY = "1,2";
			};
			name = Debug;
		};
		98B5AC03298BBA2C007DB932 /* Release */ = {
			isa = XCBuildConfiguration;
			buildSettings = {
				ASSETCATALOG_COMPILER_APPICON_NAME = AppIcon;
				ASSETCATALOG_COMPILER_GLOBAL_ACCENT_COLOR_NAME = AccentColor;
				CODE_SIGN_STYLE = Automatic;
				CURRENT_PROJECT_VERSION = 1;
				DEVELOPMENT_TEAM = P4WKZ5WX24;
				GENERATE_INFOPLIST_FILE = YES;
				INFOPLIST_FILE = MyFreinds/Info.plist;
				INFOPLIST_KEY_UIApplicationSupportsIndirectInputEvents = YES;
				INFOPLIST_KEY_UILaunchStoryboardName = LaunchScreen;
				INFOPLIST_KEY_UIMainStoryboardFile = Main;
				INFOPLIST_KEY_UISupportedInterfaceOrientations_iPad = "UIInterfaceOrientationPortrait UIInterfaceOrientationPortraitUpsideDown UIInterfaceOrientationLandscapeLeft UIInterfaceOrientationLandscapeRight";
				INFOPLIST_KEY_UISupportedInterfaceOrientations_iPhone = "UIInterfaceOrientationPortrait UIInterfaceOrientationLandscapeLeft UIInterfaceOrientationLandscapeRight";
				LD_RUNPATH_SEARCH_PATHS = (
					"$(inherited)",
					"@executable_path/Frameworks",
				);
				MARKETING_VERSION = 1.0;
				PRODUCT_BUNDLE_IDENTIFIER = DDIONG.MyFreinds;
				PRODUCT_NAME = "$(TARGET_NAME)";
				SWIFT_EMIT_LOC_STRINGS = YES;
				SWIFT_VERSION = 5.0;
				TARGETED_DEVICE_FAMILY = "1,2";
			};
			name = Release;
		};
/* End XCBuildConfiguration section */

/* Begin XCConfigurationList section */
		98B5ABE8298BBA29007DB932 /* Build configuration list for PBXProject "MyFreinds" */ = {
			isa = XCConfigurationList;
			buildConfigurations = (
				98B5ABFF298BBA2C007DB932 /* Debug */,
				98B5AC00298BBA2C007DB932 /* Release */,
			);
			defaultConfigurationIsVisible = 0;
			defaultConfigurationName = Release;
		};
		98B5AC01298BBA2C007DB932 /* Build configuration list for PBXNativeTarget "MyFreinds" */ = {
			isa = XCConfigurationList;
			buildConfigurations = (
				98B5AC02298BBA2C007DB932 /* Debug */,
				98B5AC03298BBA2C007DB932 /* Release */,
			);
			defaultConfigurationIsVisible = 0;
			defaultConfigurationName = Release;
		};
/* End XCConfigurationList section */
	};
	rootObject = 98B5ABE5298BBA29007DB932 /* Project object */;
}
